
Microsoft Visual Studio Solution File, Format Version 12.00
# Visual Studio Version 17
VisualStudioVersion = 17.5.33424.131
MinimumVisualStudioVersion = 10.0.40219.1
Project("{FAE04EC0-301F-11D3-BF4B-00C04F79EFBC}") = "View", "View\View.csproj", "{7E3A5C3E-94AA-4801-A41F-C42835BE5C43}"
EndProject
Project("{2150E333-8FDC-42A3-9474-1A3956D46DE8}") = "Presentation", "Presentation", "{8447E9EB-AE26-47B5-AC0C-C740263B5EAC}"
EndProject
Project("{2150E333-8FDC-42A3-9474-1A3956D46DE8}") = "Tests", "Tests", "{7A7223CB-C665-4135-82C2-D7F5278991A6}"
EndProject
Project("{FAE04EC0-301F-11D3-BF4B-00C04F79EFBC}") = "Model", "Model\Model.csproj", "{FC091637-B6ED-417E-B36A-FF7D784B3803}"
EndProject
Project("{FAE04EC0-301F-11D3-BF4B-00C04F79EFBC}") = "ViewModel", "ViewModel\ViewModel.csproj", "{588EF330-F3C5-464A-B412-4410E2F0D3A9}"
EndProject
Project("{FAE04EC0-301F-11D3-BF4B-00C04F79EFBC}") = "Data", "Data\Data.csproj", "{DCAE7034-0BFF-4C01-9AB5-67B93CC7C27B}"
EndProject
Project("{FAE04EC0-301F-11D3-BF4B-00C04F79EFBC}") = "Logic", "Logic\Logic.csproj", "{3B8E4675-0443-471B-AB4C-54A63F972171}"
EndProject
Project("{FAE04EC0-301F-11D3-BF4B-00C04F79EFBC}") = "DataTest", "DataTest\DataTest.csproj", "{52625B4E-0C00-48DA-90E5-0FC2527EE406}"
EndProject
Project("{FAE04EC0-301F-11D3-BF4B-00C04F79EFBC}") = "LogicTest", "LogicTest\LogicTest.csproj", "{00DE2738-AAC9-4198-9D9D-F193C49CBCEA}"
EndProject
Project("{FAE04EC0-301F-11D3-BF4B-00C04F79EFBC}") = "ModelTest", "ModelTest\ModelTest.csproj", "{EE65CA2B-A2FE-4D09-94FC-2B16C55F4C79}"
EndProject
Project("{FAE04EC0-301F-11D3-BF4B-00C04F79EFBC}") = "ViewModelTest", "ViewModelTest\ViewModelTest.csproj", "{ECC06390-1884-4918-8450-F1DA8AF017D8}"
EndProject
Global
	GlobalSection(SolutionConfigurationPlatforms) = preSolution
		Debug|Any CPU = Debug|Any CPU
		Release|Any CPU = Release|Any CPU
	EndGlobalSection
	GlobalSection(ProjectConfigurationPlatforms) = postSolution
		{FC091637-B6ED-417E-B36A-FF7D784B3803}.Debug|Any CPU.ActiveCfg = Debug|Any CPU
		{FC091637-B6ED-417E-B36A-FF7D784B3803}.Debug|Any CPU.Build.0 = Debug|Any CPU
		{FC091637-B6ED-417E-B36A-FF7D784B3803}.Release|Any CPU.ActiveCfg = Release|Any CPU
		{FC091637-B6ED-417E-B36A-FF7D784B3803}.Release|Any CPU.Build.0 = Release|Any CPU
		{588EF330-F3C5-464A-B412-4410E2F0D3A9}.Debug|Any CPU.ActiveCfg = Debug|Any CPU
		{588EF330-F3C5-464A-B412-4410E2F0D3A9}.Debug|Any CPU.Build.0 = Debug|Any CPU
		{588EF330-F3C5-464A-B412-4410E2F0D3A9}.Release|Any CPU.ActiveCfg = Release|Any CPU
		{588EF330-F3C5-464A-B412-4410E2F0D3A9}.Release|Any CPU.Build.0 = Release|Any CPU
		{7E3A5C3E-94AA-4801-A41F-C42835BE5C43}.Debug|Any CPU.ActiveCfg = Debug|Any CPU
		{7E3A5C3E-94AA-4801-A41F-C42835BE5C43}.Debug|Any CPU.Build.0 = Debug|Any CPU
		{7E3A5C3E-94AA-4801-A41F-C42835BE5C43}.Release|Any CPU.ActiveCfg = Release|Any CPU
		{7E3A5C3E-94AA-4801-A41F-C42835BE5C43}.Release|Any CPU.Build.0 = Release|Any CPU
		{DCAE7034-0BFF-4C01-9AB5-67B93CC7C27B}.Debug|Any CPU.ActiveCfg = Debug|Any CPU
		{DCAE7034-0BFF-4C01-9AB5-67B93CC7C27B}.Debug|Any CPU.Build.0 = Debug|Any CPU
		{DCAE7034-0BFF-4C01-9AB5-67B93CC7C27B}.Release|Any CPU.ActiveCfg = Release|Any CPU
		{DCAE7034-0BFF-4C01-9AB5-67B93CC7C27B}.Release|Any CPU.Build.0 = Release|Any CPU
		{3B8E4675-0443-471B-AB4C-54A63F972171}.Debug|Any CPU.ActiveCfg = Debug|Any CPU
		{3B8E4675-0443-471B-AB4C-54A63F972171}.Debug|Any CPU.Build.0 = Debug|Any CPU
		{3B8E4675-0443-471B-AB4C-54A63F972171}.Release|Any CPU.ActiveCfg = Release|Any CPU
		{3B8E4675-0443-471B-AB4C-54A63F972171}.Release|Any CPU.Build.0 = Release|Any CPU
		{52625B4E-0C00-48DA-90E5-0FC2527EE406}.Debug|Any CPU.ActiveCfg = Debug|Any CPU
		{52625B4E-0C00-48DA-90E5-0FC2527EE406}.Debug|Any CPU.Build.0 = Debug|Any CPU
		{52625B4E-0C00-48DA-90E5-0FC2527EE406}.Release|Any CPU.ActiveCfg = Release|Any CPU
		{52625B4E-0C00-48DA-90E5-0FC2527EE406}.Release|Any CPU.Build.0 = Release|Any CPU
		{00DE2738-AAC9-4198-9D9D-F193C49CBCEA}.Debug|Any CPU.ActiveCfg = Debug|Any CPU
		{00DE2738-AAC9-4198-9D9D-F193C49CBCEA}.Debug|Any CPU.Build.0 = Debug|Any CPU
		{00DE2738-AAC9-4198-9D9D-F193C49CBCEA}.Release|Any CPU.ActiveCfg = Release|Any CPU
		{00DE2738-AAC9-4198-9D9D-F193C49CBCEA}.Release|Any CPU.Build.0 = Release|Any CPU
		{EE65CA2B-A2FE-4D09-94FC-2B16C55F4C79}.Debug|Any CPU.ActiveCfg = Debug|Any CPU
		{EE65CA2B-A2FE-4D09-94FC-2B16C55F4C79}.Debug|Any CPU.Build.0 = Debug|Any CPU
		{EE65CA2B-A2FE-4D09-94FC-2B16C55F4C79}.Release|Any CPU.ActiveCfg = Release|Any CPU
		{EE65CA2B-A2FE-4D09-94FC-2B16C55F4C79}.Release|Any CPU.Build.0 = Release|Any CPU
		{ECC06390-1884-4918-8450-F1DA8AF017D8}.Debug|Any CPU.ActiveCfg = Debug|Any CPU
		{ECC06390-1884-4918-8450-F1DA8AF017D8}.Debug|Any CPU.Build.0 = Debug|Any CPU
		{ECC06390-1884-4918-8450-F1DA8AF017D8}.Release|Any CPU.ActiveCfg = Release|Any CPU
		{ECC06390-1884-4918-8450-F1DA8AF017D8}.Release|Any CPU.Build.0 = Release|Any CPU
	EndGlobalSection
	GlobalSection(SolutionProperties) = preSolution
		HideSolutionNode = FALSE
	EndGlobalSection
	GlobalSection(NestedProjects) = preSolution
		{FC091637-B6ED-417E-B36A-FF7D784B3803} = {8447E9EB-AE26-47B5-AC0C-C740263B5EAC}
		{588EF330-F3C5-464A-B412-4410E2F0D3A9} = {8447E9EB-AE26-47B5-AC0C-C740263B5EAC}
		{7E3A5C3E-94AA-4801-A41F-C42835BE5C43} = {8447E9EB-AE26-47B5-AC0C-C740263B5EAC}
		{52625B4E-0C00-48DA-90E5-0FC2527EE406} = {7A7223CB-C665-4135-82C2-D7F5278991A6}
		{00DE2738-AAC9-4198-9D9D-F193C49CBCEA} = {7A7223CB-C665-4135-82C2-D7F5278991A6}
		{EE65CA2B-A2FE-4D09-94FC-2B16C55F4C79} = {7A7223CB-C665-4135-82C2-D7F5278991A6}
		{ECC06390-1884-4918-8450-F1DA8AF017D8} = {7A7223CB-C665-4135-82C2-D7F5278991A6}
	EndGlobalSection
	GlobalSection(ExtensibilityGlobals) = postSolution
		SolutionGuid = {8C17A7E3-CBEA-4CEA-B90E-EA3B7633A5B5}
	EndGlobalSection
EndGlobal
